
Microsoft Visual Studio Solution File, Format Version 12.00
# Visual Studio 14
VisualStudioVersion = 14.0.24720.0
MinimumVisualStudioVersion = 10.0.40219.1
Project("{FAE04EC0-301F-11D3-BF4B-00C04F79EFBC}") = "App1.Droid", "App1\App1.Droid\App1.Droid.csproj", "{96E2FF35-3DC1-4CAA-BFD8-BA12C133EC46}"
EndProject
Project("{FAE04EC0-301F-11D3-BF4B-00C04F79EFBC}") = "App1.iOS", "App1\App1.iOS\App1.iOS.csproj", "{C61085DD-AF9B-4B04-BE43-A2D84E5EC1EE}"
EndProject
Project("{FAE04EC0-301F-11D3-BF4B-00C04F79EFBC}") = "App1.WinPhone", "App1\App1.WinPhone\App1.WinPhone.csproj", "{81AF0ADB-D229-4E36-BBCF-281E99551115}"
EndProject
Project("{FAE04EC0-301F-11D3-BF4B-00C04F79EFBC}") = "App1", "App1\App1\App1.csproj", "{BE557539-7F4B-4802-94F4-8859A438BA33}"
EndProject
Global
	GlobalSection(SolutionConfigurationPlatforms) = preSolution
		Ad-Hoc|Any CPU = Ad-Hoc|Any CPU
		Ad-Hoc|ARM = Ad-Hoc|ARM
		Ad-Hoc|iPhone = Ad-Hoc|iPhone
		Ad-Hoc|iPhoneSimulator = Ad-Hoc|iPhoneSimulator
		Ad-Hoc|x86 = Ad-Hoc|x86
		AppStore|Any CPU = AppStore|Any CPU
		AppStore|ARM = AppStore|ARM
		AppStore|iPhone = AppStore|iPhone
		AppStore|iPhoneSimulator = AppStore|iPhoneSimulator
		AppStore|x86 = AppStore|x86
		Debug|Any CPU = Debug|Any CPU
		Debug|ARM = Debug|ARM
		Debug|iPhone = Debug|iPhone
		Debug|iPhoneSimulator = Debug|iPhoneSimulator
		Debug|x86 = Debug|x86
		Release|Any CPU = Release|Any CPU
		Release|ARM = Release|ARM
		Release|iPhone = Release|iPhone
		Release|iPhoneSimulator = Release|iPhoneSimulator
		Release|x86 = Release|x86
	EndGlobalSection
	GlobalSection(ProjectConfigurationPlatforms) = postSolution
		{96E2FF35-3DC1-4CAA-BFD8-BA12C133EC46}.Ad-Hoc|Any CPU.ActiveCfg = Release|Any CPU
		{96E2FF35-3DC1-4CAA-BFD8-BA12C133EC46}.Ad-Hoc|Any CPU.Build.0 = Release|Any CPU
		{96E2FF35-3DC1-4CAA-BFD8-BA12C133EC46}.Ad-Hoc|Any CPU.Deploy.0 = Release|Any CPU
		{96E2FF35-3DC1-4CAA-BFD8-BA12C133EC46}.Ad-Hoc|ARM.ActiveCfg = Release|Any CPU
		{96E2FF35-3DC1-4CAA-BFD8-BA12C133EC46}.Ad-Hoc|ARM.Build.0 = Release|Any CPU
		{96E2FF35-3DC1-4CAA-BFD8-BA12C133EC46}.Ad-Hoc|ARM.Deploy.0 = Release|Any CPU
		{96E2FF35-3DC1-4CAA-BFD8-BA12C133EC46}.Ad-Hoc|iPhone.ActiveCfg = Release|Any CPU
		{96E2FF35-3DC1-4CAA-BFD8-BA12C133EC46}.Ad-Hoc|iPhone.Build.0 = Release|Any CPU
		{96E2FF35-3DC1-4CAA-BFD8-BA12C133EC46}.Ad-Hoc|iPhone.Deploy.0 = Release|Any CPU
		{96E2FF35-3DC1-4CAA-BFD8-BA12C133EC46}.Ad-Hoc|iPhoneSimulator.ActiveCfg = Release|Any CPU
		{96E2FF35-3DC1-4CAA-BFD8-BA12C133EC46}.Ad-Hoc|iPhoneSimulator.Build.0 = Release|Any CPU
		{96E2FF35-3DC1-4CAA-BFD8-BA12C133EC46}.Ad-Hoc|iPhoneSimulator.Deploy.0 = Release|Any CPU
		{96E2FF35-3DC1-4CAA-BFD8-BA12C133EC46}.Ad-Hoc|x86.ActiveCfg = Release|Any CPU
		{96E2FF35-3DC1-4CAA-BFD8-BA12C133EC46}.Ad-Hoc|x86.Build.0 = Release|Any CPU
		{96E2FF35-3DC1-4CAA-BFD8-BA12C133EC46}.Ad-Hoc|x86.Deploy.0 = Release|Any CPU
		{96E2FF35-3DC1-4CAA-BFD8-BA12C133EC46}.AppStore|Any CPU.ActiveCfg = Release|Any CPU
		{96E2FF35-3DC1-4CAA-BFD8-BA12C133EC46}.AppStore|Any CPU.Build.0 = Release|Any CPU
		{96E2FF35-3DC1-4CAA-BFD8-BA12C133EC46}.AppStore|Any CPU.Deploy.0 = Release|Any CPU
		{96E2FF35-3DC1-4CAA-BFD8-BA12C133EC46}.AppStore|ARM.ActiveCfg = Release|Any CPU
		{96E2FF35-3DC1-4CAA-BFD8-BA12C133EC46}.AppStore|ARM.Build.0 = Release|Any CPU
		{96E2FF35-3DC1-4CAA-BFD8-BA12C133EC46}.AppStore|ARM.Deploy.0 = Release|Any CPU
		{96E2FF35-3DC1-4CAA-BFD8-BA12C133EC46}.AppStore|iPhone.ActiveCfg = Release|Any CPU
		{96E2FF35-3DC1-4CAA-BFD8-BA12C133EC46}.AppStore|iPhone.Build.0 = Release|Any CPU
		{96E2FF35-3DC1-4CAA-BFD8-BA12C133EC46}.AppStore|iPhone.Deploy.0 = Release|Any CPU
		{96E2FF35-3DC1-4CAA-BFD8-BA12C133EC46}.AppStore|iPhoneSimulator.ActiveCfg = Release|Any CPU
		{96E2FF35-3DC1-4CAA-BFD8-BA12C133EC46}.AppStore|iPhoneSimulator.Build.0 = Release|Any CPU
		{96E2FF35-3DC1-4CAA-BFD8-BA12C133EC46}.AppStore|iPhoneSimulator.Deploy.0 = Release|Any CPU
		{96E2FF35-3DC1-4CAA-BFD8-BA12C133EC46}.AppStore|x86.ActiveCfg = Release|Any CPU
		{96E2FF35-3DC1-4CAA-BFD8-BA12C133EC46}.AppStore|x86.Build.0 = Release|Any CPU
		{96E2FF35-3DC1-4CAA-BFD8-BA12C133EC46}.AppStore|x86.Deploy.0 = Release|Any CPU
		{96E2FF35-3DC1-4CAA-BFD8-BA12C133EC46}.Debug|Any CPU.ActiveCfg = Debug|Any CPU
		{96E2FF35-3DC1-4CAA-BFD8-BA12C133EC46}.Debug|Any CPU.Build.0 = Debug|Any CPU
		{96E2FF35-3DC1-4CAA-BFD8-BA12C133EC46}.Debug|Any CPU.Deploy.0 = Debug|Any CPU
		{96E2FF35-3DC1-4CAA-BFD8-BA12C133EC46}.Debug|ARM.ActiveCfg = Debug|Any CPU
		{96E2FF35-3DC1-4CAA-BFD8-BA12C133EC46}.Debug|ARM.Build.0 = Debug|Any CPU
		{96E2FF35-3DC1-4CAA-BFD8-BA12C133EC46}.Debug|ARM.Deploy.0 = Debug|Any CPU
		{96E2FF35-3DC1-4CAA-BFD8-BA12C133EC46}.Debug|iPhone.ActiveCfg = Debug|Any CPU
		{96E2FF35-3DC1-4CAA-BFD8-BA12C133EC46}.Debug|iPhone.Build.0 = Debug|Any CPU
		{96E2FF35-3DC1-4CAA-BFD8-BA12C133EC46}.Debug|iPhone.Deploy.0 = Debug|Any CPU
		{96E2FF35-3DC1-4CAA-BFD8-BA12C133EC46}.Debug|iPhoneSimulator.ActiveCfg = Debug|Any CPU
		{96E2FF35-3DC1-4CAA-BFD8-BA12C133EC46}.Debug|iPhoneSimulator.Build.0 = Debug|Any CPU
		{96E2FF35-3DC1-4CAA-BFD8-BA12C133EC46}.Debug|iPhoneSimulator.Deploy.0 = Debug|Any CPU
		{96E2FF35-3DC1-4CAA-BFD8-BA12C133EC46}.Debug|x86.ActiveCfg = Debug|Any CPU
		{96E2FF35-3DC1-4CAA-BFD8-BA12C133EC46}.Debug|x86.Build.0 = Debug|Any CPU
		{96E2FF35-3DC1-4CAA-BFD8-BA12C133EC46}.Debug|x86.Deploy.0 = Debug|Any CPU
		{96E2FF35-3DC1-4CAA-BFD8-BA12C133EC46}.Release|Any CPU.ActiveCfg = Release|Any CPU
		{96E2FF35-3DC1-4CAA-BFD8-BA12C133EC46}.Release|Any CPU.Build.0 = Release|Any CPU
		{96E2FF35-3DC1-4CAA-BFD8-BA12C133EC46}.Release|Any CPU.Deploy.0 = Release|Any CPU
		{96E2FF35-3DC1-4CAA-BFD8-BA12C133EC46}.Release|ARM.ActiveCfg = Release|Any CPU
		{96E2FF35-3DC1-4CAA-BFD8-BA12C133EC46}.Release|ARM.Build.0 = Release|Any CPU
		{96E2FF35-3DC1-4CAA-BFD8-BA12C133EC46}.Release|ARM.Deploy.0 = Release|Any CPU
		{96E2FF35-3DC1-4CAA-BFD8-BA12C133EC46}.Release|iPhone.ActiveCfg = Release|Any CPU
		{96E2FF35-3DC1-4CAA-BFD8-BA12C133EC46}.Release|iPhone.Build.0 = Release|Any CPU
		{96E2FF35-3DC1-4CAA-BFD8-BA12C133EC46}.Release|iPhone.Deploy.0 = Release|Any CPU
		{96E2FF35-3DC1-4CAA-BFD8-BA12C133EC46}.Release|iPhoneSimulator.ActiveCfg = Release|Any CPU
		{96E2FF35-3DC1-4CAA-BFD8-BA12C133EC46}.Release|iPhoneSimulator.Build.0 = Release|Any CPU
		{96E2FF35-3DC1-4CAA-BFD8-BA12C133EC46}.Release|iPhoneSimulator.Deploy.0 = Release|Any CPU
		{96E2FF35-3DC1-4CAA-BFD8-BA12C133EC46}.Release|x86.ActiveCfg = Release|Any CPU
		{96E2FF35-3DC1-4CAA-BFD8-BA12C133EC46}.Release|x86.Build.0 = Release|Any CPU
		{96E2FF35-3DC1-4CAA-BFD8-BA12C133EC46}.Release|x86.Deploy.0 = Release|Any CPU
		{C61085DD-AF9B-4B04-BE43-A2D84E5EC1EE}.Ad-Hoc|Any CPU.ActiveCfg = Ad-Hoc|iPhone
		{C61085DD-AF9B-4B04-BE43-A2D84E5EC1EE}.Ad-Hoc|ARM.ActiveCfg = Ad-Hoc|iPhone
		{C61085DD-AF9B-4B04-BE43-A2D84E5EC1EE}.Ad-Hoc|iPhone.ActiveCfg = Ad-Hoc|iPhone
		{C61085DD-AF9B-4B04-BE43-A2D84E5EC1EE}.Ad-Hoc|iPhone.Build.0 = Ad-Hoc|iPhone
		{C61085DD-AF9B-4B04-BE43-A2D84E5EC1EE}.Ad-Hoc|iPhoneSimulator.ActiveCfg = Ad-Hoc|iPhoneSimulator
		{C61085DD-AF9B-4B04-BE43-A2D84E5EC1EE}.Ad-Hoc|iPhoneSimulator.Build.0 = Ad-Hoc|iPhoneSimulator
		{C61085DD-AF9B-4B04-BE43-A2D84E5EC1EE}.Ad-Hoc|x86.ActiveCfg = Ad-Hoc|iPhone
		{C61085DD-AF9B-4B04-BE43-A2D84E5EC1EE}.AppStore|Any CPU.ActiveCfg = AppStore|iPhone
		{C61085DD-AF9B-4B04-BE43-A2D84E5EC1EE}.AppStore|ARM.ActiveCfg = AppStore|iPhone
		{C61085DD-AF9B-4B04-BE43-A2D84E5EC1EE}.AppStore|iPhone.ActiveCfg = AppStore|iPhone
		{C61085DD-AF9B-4B04-BE43-A2D84E5EC1EE}.AppStore|iPhone.Build.0 = AppStore|iPhone
		{C61085DD-AF9B-4B04-BE43-A2D84E5EC1EE}.AppStore|iPhoneSimulator.ActiveCfg = AppStore|iPhoneSimulator
		{C61085DD-AF9B-4B04-BE43-A2D84E5EC1EE}.AppStore|iPhoneSimulator.Build.0 = AppStore|iPhoneSimulator
		{C61085DD-AF9B-4B04-BE43-A2D84E5EC1EE}.AppStore|x86.ActiveCfg = AppStore|iPhone
		{C61085DD-AF9B-4B04-BE43-A2D84E5EC1EE}.Debug|Any CPU.ActiveCfg = Debug|iPhone
		{C61085DD-AF9B-4B04-BE43-A2D84E5EC1EE}.Debug|ARM.ActiveCfg = Debug|iPhone
		{C61085DD-AF9B-4B04-BE43-A2D84E5EC1EE}.Debug|iPhone.ActiveCfg = Debug|iPhone
		{C61085DD-AF9B-4B04-BE43-A2D84E5EC1EE}.Debug|iPhone.Build.0 = Debug|iPhone
		{C61085DD-AF9B-4B04-BE43-A2D84E5EC1EE}.Debug|iPhoneSimulator.ActiveCfg = Debug|iPhoneSimulator
		{C61085DD-AF9B-4B04-BE43-A2D84E5EC1EE}.Debug|iPhoneSimulator.Build.0 = Debug|iPhoneSimulator
		{C61085DD-AF9B-4B04-BE43-A2D84E5EC1EE}.Debug|x86.ActiveCfg = Debug|iPhone
		{C61085DD-AF9B-4B04-BE43-A2D84E5EC1EE}.Release|Any CPU.ActiveCfg = Release|iPhone
		{C61085DD-AF9B-4B04-BE43-A2D84E5EC1EE}.Release|ARM.ActiveCfg = Release|iPhone
		{C61085DD-AF9B-4B04-BE43-A2D84E5EC1EE}.Release|iPhone.ActiveCfg = Release|iPhone
		{C61085DD-AF9B-4B04-BE43-A2D84E5EC1EE}.Release|iPhone.Build.0 = Release|iPhone
		{C61085DD-AF9B-4B04-BE43-A2D84E5EC1EE}.Release|iPhoneSimulator.ActiveCfg = Release|iPhoneSimulator
		{C61085DD-AF9B-4B04-BE43-A2D84E5EC1EE}.Release|iPhoneSimulator.Build.0 = Release|iPhoneSimulator
		{C61085DD-AF9B-4B04-BE43-A2D84E5EC1EE}.Release|x86.ActiveCfg = Release|iPhone
		{81AF0ADB-D229-4E36-BBCF-281E99551115}.Ad-Hoc|Any CPU.ActiveCfg = Release|Any CPU
		{81AF0ADB-D229-4E36-BBCF-281E99551115}.Ad-Hoc|Any CPU.Build.0 = Release|Any CPU
		{81AF0ADB-D229-4E36-BBCF-281E99551115}.Ad-Hoc|Any CPU.Deploy.0 = Release|Any CPU
		{81AF0ADB-D229-4E36-BBCF-281E99551115}.Ad-Hoc|ARM.ActiveCfg = Release|ARM
		{81AF0ADB-D229-4E36-BBCF-281E99551115}.Ad-Hoc|ARM.Build.0 = Release|ARM
		{81AF0ADB-D229-4E36-BBCF-281E99551115}.Ad-Hoc|ARM.Deploy.0 = Release|ARM
		{81AF0ADB-D229-4E36-BBCF-281E99551115}.Ad-Hoc|iPhone.ActiveCfg = Release|Any CPU
		{81AF0ADB-D229-4E36-BBCF-281E99551115}.Ad-Hoc|iPhone.Build.0 = Release|Any CPU
		{81AF0ADB-D229-4E36-BBCF-281E99551115}.Ad-Hoc|iPhone.Deploy.0 = Release|Any CPU
		{81AF0ADB-D229-4E36-BBCF-281E99551115}.Ad-Hoc|iPhoneSimulator.ActiveCfg = Release|Any CPU
		{81AF0ADB-D229-4E36-BBCF-281E99551115}.Ad-Hoc|iPhoneSimulator.Build.0 = Release|Any CPU
		{81AF0ADB-D229-4E36-BBCF-281E99551115}.Ad-Hoc|iPhoneSimulator.Deploy.0 = Release|Any CPU
		{81AF0ADB-D229-4E36-BBCF-281E99551115}.Ad-Hoc|x86.ActiveCfg = Release|x86
		{81AF0ADB-D229-4E36-BBCF-281E99551115}.Ad-Hoc|x86.Build.0 = Release|x86
		{81AF0ADB-D229-4E36-BBCF-281E99551115}.Ad-Hoc|x86.Deploy.0 = Release|x86
		{81AF0ADB-D229-4E36-BBCF-281E99551115}.AppStore|Any CPU.ActiveCfg = Release|Any CPU
		{81AF0ADB-D229-4E36-BBCF-281E99551115}.AppStore|Any CPU.Build.0 = Release|Any CPU
		{81AF0ADB-D229-4E36-BBCF-281E99551115}.AppStore|Any CPU.Deploy.0 = Release|Any CPU
		{81AF0ADB-D229-4E36-BBCF-281E99551115}.AppStore|ARM.ActiveCfg = Release|ARM
		{81AF0ADB-D229-4E36-BBCF-281E99551115}.AppStore|ARM.Build.0 = Release|ARM
		{81AF0ADB-D229-4E36-BBCF-281E99551115}.AppStore|ARM.Deploy.0 = Release|ARM
		{81AF0ADB-D229-4E36-BBCF-281E99551115}.AppStore|iPhone.ActiveCfg = Release|Any CPU
		{81AF0ADB-D229-4E36-BBCF-281E99551115}.AppStore|iPhone.Build.0 = Release|Any CPU
		{81AF0ADB-D229-4E36-BBCF-281E99551115}.AppStore|iPhone.Deploy.0 = Release|Any CPU
		{81AF0ADB-D229-4E36-BBCF-281E99551115}.AppStore|iPhoneSimulator.ActiveCfg = Release|Any CPU
		{81AF0ADB-D229-4E36-BBCF-281E99551115}.AppStore|iPhoneSimulator.Build.0 = Release|Any CPU
		{81AF0ADB-D229-4E36-BBCF-281E99551115}.AppStore|iPhoneSimulator.Deploy.0 = Release|Any CPU
		{81AF0ADB-D229-4E36-BBCF-281E99551115}.AppStore|x86.ActiveCfg = Release|x86
		{81AF0ADB-D229-4E36-BBCF-281E99551115}.AppStore|x86.Build.0 = Release|x86
		{81AF0ADB-D229-4E36-BBCF-281E99551115}.AppStore|x86.Deploy.0 = Release|x86
		{81AF0ADB-D229-4E36-BBCF-281E99551115}.Debug|Any CPU.ActiveCfg = Debug|Any CPU
		{81AF0ADB-D229-4E36-BBCF-281E99551115}.Debug|Any CPU.Build.0 = Debug|Any CPU
		{81AF0ADB-D229-4E36-BBCF-281E99551115}.Debug|Any CPU.Deploy.0 = Debug|Any CPU
		{81AF0ADB-D229-4E36-BBCF-281E99551115}.Debug|ARM.ActiveCfg = Debug|ARM
		{81AF0ADB-D229-4E36-BBCF-281E99551115}.Debug|ARM.Build.0 = Debug|ARM
		{81AF0ADB-D229-4E36-BBCF-281E99551115}.Debug|ARM.Deploy.0 = Debug|ARM
		{81AF0ADB-D229-4E36-BBCF-281E99551115}.Debug|iPhone.ActiveCfg = Debug|Any CPU
		{81AF0ADB-D229-4E36-BBCF-281E99551115}.Debug|iPhone.Build.0 = Debug|Any CPU
		{81AF0ADB-D229-4E36-BBCF-281E99551115}.Debug|iPhone.Deploy.0 = Debug|Any CPU
		{81AF0ADB-D229-4E36-BBCF-281E99551115}.Debug|iPhoneSimulator.ActiveCfg = Debug|Any CPU
		{81AF0ADB-D229-4E36-BBCF-281E99551115}.Debug|iPhoneSimulator.Build.0 = Debug|Any CPU
		{81AF0ADB-D229-4E36-BBCF-281E99551115}.Debug|iPhoneSimulator.Deploy.0 = Debug|Any CPU
		{81AF0ADB-D229-4E36-BBCF-281E99551115}.Debug|x86.ActiveCfg = Debug|x86
		{81AF0ADB-D229-4E36-BBCF-281E99551115}.Debug|x86.Build.0 = Debug|x86
		{81AF0ADB-D229-4E36-BBCF-281E99551115}.Debug|x86.Deploy.0 = Debug|x86
		{81AF0ADB-D229-4E36-BBCF-281E99551115}.Release|Any CPU.ActiveCfg = Release|Any CPU
		{81AF0ADB-D229-4E36-BBCF-281E99551115}.Release|Any CPU.Build.0 = Release|Any CPU
		{81AF0ADB-D229-4E36-BBCF-281E99551115}.Release|Any CPU.Deploy.0 = Release|Any CPU
		{81AF0ADB-D229-4E36-BBCF-281E99551115}.Release|ARM.ActiveCfg = Release|ARM
		{81AF0ADB-D229-4E36-BBCF-281E99551115}.Release|ARM.Build.0 = Release|ARM
		{81AF0ADB-D229-4E36-BBCF-281E99551115}.Release|ARM.Deploy.0 = Release|ARM
		{81AF0ADB-D229-4E36-BBCF-281E99551115}.Release|iPhone.ActiveCfg = Release|Any CPU
		{81AF0ADB-D229-4E36-BBCF-281E99551115}.Release|iPhone.Build.0 = Release|Any CPU
		{81AF0ADB-D229-4E36-BBCF-281E99551115}.Release|iPhone.Deploy.0 = Release|Any CPU
		{81AF0ADB-D229-4E36-BBCF-281E99551115}.Release|iPhoneSimulator.ActiveCfg = Release|Any CPU
		{81AF0ADB-D229-4E36-BBCF-281E99551115}.Release|iPhoneSimulator.Build.0 = Release|Any CPU
		{81AF0ADB-D229-4E36-BBCF-281E99551115}.Release|iPhoneSimulator.Deploy.0 = Release|Any CPU
		{81AF0ADB-D229-4E36-BBCF-281E99551115}.Release|x86.ActiveCfg = Release|x86
		{81AF0ADB-D229-4E36-BBCF-281E99551115}.Release|x86.Build.0 = Release|x86
		{81AF0ADB-D229-4E36-BBCF-281E99551115}.Release|x86.Deploy.0 = Release|x86
		{BE557539-7F4B-4802-94F4-8859A438BA33}.Ad-Hoc|Any CPU.ActiveCfg = Release|Any CPU
		{BE557539-7F4B-4802-94F4-8859A438BA33}.Ad-Hoc|Any CPU.Build.0 = Release|Any CPU
		{BE557539-7F4B-4802-94F4-8859A438BA33}.Ad-Hoc|ARM.ActiveCfg = Release|Any CPU
		{BE557539-7F4B-4802-94F4-8859A438BA33}.Ad-Hoc|ARM.Build.0 = Release|Any CPU
		{BE557539-7F4B-4802-94F4-8859A438BA33}.Ad-Hoc|iPhone.ActiveCfg = Release|Any CPU
		{BE557539-7F4B-4802-94F4-8859A438BA33}.Ad-Hoc|iPhone.Build.0 = Release|Any CPU
		{BE557539-7F4B-4802-94F4-8859A438BA33}.Ad-Hoc|iPhoneSimulator.ActiveCfg = Release|Any CPU
		{BE557539-7F4B-4802-94F4-8859A438BA33}.Ad-Hoc|iPhoneSimulator.Build.0 = Release|Any CPU
		{BE557539-7F4B-4802-94F4-8859A438BA33}.Ad-Hoc|x86.ActiveCfg = Release|Any CPU
		{BE557539-7F4B-4802-94F4-8859A438BA33}.Ad-Hoc|x86.Build.0 = Release|Any CPU
		{BE557539-7F4B-4802-94F4-8859A438BA33}.AppStore|Any CPU.ActiveCfg = Release|Any CPU
		{BE557539-7F4B-4802-94F4-8859A438BA33}.AppStore|Any CPU.Build.0 = Release|Any CPU
		{BE557539-7F4B-4802-94F4-8859A438BA33}.AppStore|ARM.ActiveCfg = Release|Any CPU
		{BE557539-7F4B-4802-94F4-8859A438BA33}.AppStore|ARM.Build.0 = Release|Any CPU
		{BE557539-7F4B-4802-94F4-8859A438BA33}.AppStore|iPhone.ActiveCfg = Release|Any CPU
		{BE557539-7F4B-4802-94F4-8859A438BA33}.AppStore|iPhone.Build.0 = Release|Any CPU
		{BE557539-7F4B-4802-94F4-8859A438BA33}.AppStore|iPhoneSimulator.ActiveCfg = Release|Any CPU
		{BE557539-7F4B-4802-94F4-8859A438BA33}.AppStore|iPhoneSimulator.Build.0 = Release|Any CPU
		{BE557539-7F4B-4802-94F4-8859A438BA33}.AppStore|x86.ActiveCfg = Release|Any CPU
		{BE557539-7F4B-4802-94F4-8859A438BA33}.AppStore|x86.Build.0 = Release|Any CPU
		{BE557539-7F4B-4802-94F4-8859A438BA33}.Debug|Any CPU.ActiveCfg = Debug|Any CPU
		{BE557539-7F4B-4802-94F4-8859A438BA33}.Debug|Any CPU.Build.0 = Debug|Any CPU
		{BE557539-7F4B-4802-94F4-8859A438BA33}.Debug|ARM.ActiveCfg = Debug|Any CPU
		{BE557539-7F4B-4802-94F4-8859A438BA33}.Debug|ARM.Build.0 = Debug|Any CPU
		{BE557539-7F4B-4802-94F4-8859A438BA33}.Debug|iPhone.ActiveCfg = Debug|Any CPU
		{BE557539-7F4B-4802-94F4-8859A438BA33}.Debug|iPhone.Build.0 = Debug|Any CPU
		{BE557539-7F4B-4802-94F4-8859A438BA33}.Debug|iPhoneSimulator.ActiveCfg = Debug|Any CPU
		{BE557539-7F4B-4802-94F4-8859A438BA33}.Debug|iPhoneSimulator.Build.0 = Debug|Any CPU
		{BE557539-7F4B-4802-94F4-8859A438BA33}.Debug|x86.ActiveCfg = Debug|Any CPU
		{BE557539-7F4B-4802-94F4-8859A438BA33}.Debug|x86.Build.0 = Debug|Any CPU
		{BE557539-7F4B-4802-94F4-8859A438BA33}.Release|Any CPU.ActiveCfg = Release|Any CPU
		{BE557539-7F4B-4802-94F4-8859A438BA33}.Release|Any CPU.Build.0 = Release|Any CPU
		{BE557539-7F4B-4802-94F4-8859A438BA33}.Release|ARM.ActiveCfg = Release|Any CPU
		{BE557539-7F4B-4802-94F4-8859A438BA33}.Release|ARM.Build.0 = Release|Any CPU
		{BE557539-7F4B-4802-94F4-8859A438BA33}.Release|iPhone.ActiveCfg = Release|Any CPU
		{BE557539-7F4B-4802-94F4-8859A438BA33}.Release|iPhone.Build.0 = Release|Any CPU
		{BE557539-7F4B-4802-94F4-8859A438BA33}.Release|iPhoneSimulator.ActiveCfg = Release|Any CPU
		{BE557539-7F4B-4802-94F4-8859A438BA33}.Release|iPhoneSimulator.Build.0 = Release|Any CPU
		{BE557539-7F4B-4802-94F4-8859A438BA33}.Release|x86.ActiveCfg = Release|Any CPU
		{BE557539-7F4B-4802-94F4-8859A438BA33}.Release|x86.Build.0 = Release|Any CPU
	EndGlobalSection
	GlobalSection(SolutionProperties) = preSolution
		HideSolutionNode = FALSE
	EndGlobalSection
EndGlobal
